
Microsoft Visual Studio Solution File, Format Version 12.00
# Visual Studio Version 16
VisualStudioVersion = 16.0.30114.105
MinimumVisualStudioVersion = 10.0.40219.1
Project("{2150E333-8FDC-42A3-9474-1A3956D46DE8}") = "src", "src", "{7A8AAE4A-531F-43BD-A4AB-C7DA12FC850B}"
EndProject
Project("{FAE04EC0-301F-11D3-BF4B-00C04F79EFBC}") = "TodoList.Api", "src\TodoList.Api\TodoList.Api.csproj", "{F01AEF99-3EE5-4822-9DAC-21E923EE5613}"
EndProject
Project("{FAE04EC0-301F-11D3-BF4B-00C04F79EFBC}") = "TodoList.Core", "src\TodoList.Core\TodoList.Core.csproj", "{EBFE0EB1-DBC1-4C30-B33A-B58A1A9FCCB5}"
EndProject
Project("{FAE04EC0-301F-11D3-BF4B-00C04F79EFBC}") = "TodoList.Data", "src\TodoList.Data\TodoList.Data.csproj", "{BC7C26B6-6AD6-41FC-9280-5C96420CF381}"
EndProject
Project("{FAE04EC0-301F-11D3-BF4B-00C04F79EFBC}") = "TodoList.Service", "src\TodoList.Service\TodoList.Service.csproj", "{E7A4013E-CFC5-4E61-99F1-847641FCC8A3}"
EndProject
Project("{2150E333-8FDC-42A3-9474-1A3956D46DE8}") = "test", "test", "{9673DC34-3844-4D77-A14F-5FA5A53939B3}"
EndProject
Project("{FAE04EC0-301F-11D3-BF4B-00C04F79EFBC}") = "TodoList.Api.Test", "test\TodoList.Api.Test\TodoList.Api.Test.csproj", "{8C9F8449-7451-4B85-9000-50D2F254A7C8}"
EndProject
Project("{FAE04EC0-301F-11D3-BF4B-00C04F79EFBC}") = "TodoList.Core.Test", "test\TodoList.Core.Test\TodoList.Core.Test.csproj", "{B54FCF85-C43E-4521-A350-9A2684AC4E0D}"
EndProject
Project("{FAE04EC0-301F-11D3-BF4B-00C04F79EFBC}") = "TodoList.Data.Test", "test\TodoList.Data.Test\TodoList.Data.Test.csproj", "{CD18D067-267A-4186-AB60-21CBA93F5023}"
EndProject
Project("{FAE04EC0-301F-11D3-BF4B-00C04F79EFBC}") = "TodoList.Service.Test", "test\TodoList.Service.Test\TodoList.Service.Test.csproj", "{709E47A6-1533-42F5-B50D-F73FC41E235F}"
EndProject
Global
	GlobalSection(SolutionConfigurationPlatforms) = preSolution
		Debug|Any CPU = Debug|Any CPU
		Debug|x64 = Debug|x64
		Debug|x86 = Debug|x86
		Release|Any CPU = Release|Any CPU
		Release|x64 = Release|x64
		Release|x86 = Release|x86
	EndGlobalSection
	GlobalSection(SolutionProperties) = preSolution
		HideSolutionNode = FALSE
	EndGlobalSection
	GlobalSection(ProjectConfigurationPlatforms) = postSolution
		{F01AEF99-3EE5-4822-9DAC-21E923EE5613}.Debug|Any CPU.ActiveCfg = Debug|Any CPU
		{F01AEF99-3EE5-4822-9DAC-21E923EE5613}.Debug|Any CPU.Build.0 = Debug|Any CPU
		{F01AEF99-3EE5-4822-9DAC-21E923EE5613}.Debug|x64.ActiveCfg = Debug|Any CPU
		{F01AEF99-3EE5-4822-9DAC-21E923EE5613}.Debug|x64.Build.0 = Debug|Any CPU
		{F01AEF99-3EE5-4822-9DAC-21E923EE5613}.Debug|x86.ActiveCfg = Debug|Any CPU
		{F01AEF99-3EE5-4822-9DAC-21E923EE5613}.Debug|x86.Build.0 = Debug|Any CPU
		{F01AEF99-3EE5-4822-9DAC-21E923EE5613}.Release|Any CPU.ActiveCfg = Release|Any CPU
		{F01AEF99-3EE5-4822-9DAC-21E923EE5613}.Release|Any CPU.Build.0 = Release|Any CPU
		{F01AEF99-3EE5-4822-9DAC-21E923EE5613}.Release|x64.ActiveCfg = Release|Any CPU
		{F01AEF99-3EE5-4822-9DAC-21E923EE5613}.Release|x64.Build.0 = Release|Any CPU
		{F01AEF99-3EE5-4822-9DAC-21E923EE5613}.Release|x86.ActiveCfg = Release|Any CPU
		{F01AEF99-3EE5-4822-9DAC-21E923EE5613}.Release|x86.Build.0 = Release|Any CPU
		{EBFE0EB1-DBC1-4C30-B33A-B58A1A9FCCB5}.Debug|Any CPU.ActiveCfg = Debug|Any CPU
		{EBFE0EB1-DBC1-4C30-B33A-B58A1A9FCCB5}.Debug|Any CPU.Build.0 = Debug|Any CPU
		{EBFE0EB1-DBC1-4C30-B33A-B58A1A9FCCB5}.Debug|x64.ActiveCfg = Debug|Any CPU
		{EBFE0EB1-DBC1-4C30-B33A-B58A1A9FCCB5}.Debug|x64.Build.0 = Debug|Any CPU
		{EBFE0EB1-DBC1-4C30-B33A-B58A1A9FCCB5}.Debug|x86.ActiveCfg = Debug|Any CPU
		{EBFE0EB1-DBC1-4C30-B33A-B58A1A9FCCB5}.Debug|x86.Build.0 = Debug|Any CPU
		{EBFE0EB1-DBC1-4C30-B33A-B58A1A9FCCB5}.Release|Any CPU.ActiveCfg = Release|Any CPU
		{EBFE0EB1-DBC1-4C30-B33A-B58A1A9FCCB5}.Release|Any CPU.Build.0 = Release|Any CPU
		{EBFE0EB1-DBC1-4C30-B33A-B58A1A9FCCB5}.Release|x64.ActiveCfg = Release|Any CPU
		{EBFE0EB1-DBC1-4C30-B33A-B58A1A9FCCB5}.Release|x64.Build.0 = Release|Any CPU
		{EBFE0EB1-DBC1-4C30-B33A-B58A1A9FCCB5}.Release|x86.ActiveCfg = Release|Any CPU
		{EBFE0EB1-DBC1-4C30-B33A-B58A1A9FCCB5}.Release|x86.Build.0 = Release|Any CPU
		{BC7C26B6-6AD6-41FC-9280-5C96420CF381}.Debug|Any CPU.ActiveCfg = Debug|Any CPU
		{BC7C26B6-6AD6-41FC-9280-5C96420CF381}.Debug|Any CPU.Build.0 = Debug|Any CPU
		{BC7C26B6-6AD6-41FC-9280-5C96420CF381}.Debug|x64.ActiveCfg = Debug|Any CPU
		{BC7C26B6-6AD6-41FC-9280-5C96420CF381}.Debug|x64.Build.0 = Debug|Any CPU
		{BC7C26B6-6AD6-41FC-9280-5C96420CF381}.Debug|x86.ActiveCfg = Debug|Any CPU
		{BC7C26B6-6AD6-41FC-9280-5C96420CF381}.Debug|x86.Build.0 = Debug|Any CPU
		{BC7C26B6-6AD6-41FC-9280-5C96420CF381}.Release|Any CPU.ActiveCfg = Release|Any CPU
		{BC7C26B6-6AD6-41FC-9280-5C96420CF381}.Release|Any CPU.Build.0 = Release|Any CPU
		{BC7C26B6-6AD6-41FC-9280-5C96420CF381}.Release|x64.ActiveCfg = Release|Any CPU
		{BC7C26B6-6AD6-41FC-9280-5C96420CF381}.Release|x64.Build.0 = Release|Any CPU
		{BC7C26B6-6AD6-41FC-9280-5C96420CF381}.Release|x86.ActiveCfg = Release|Any CPU
		{BC7C26B6-6AD6-41FC-9280-5C96420CF381}.Release|x86.Build.0 = Release|Any CPU
		{E7A4013E-CFC5-4E61-99F1-847641FCC8A3}.Debug|Any CPU.ActiveCfg = Debug|Any CPU
		{E7A4013E-CFC5-4E61-99F1-847641FCC8A3}.Debug|Any CPU.Build.0 = Debug|Any CPU
		{E7A4013E-CFC5-4E61-99F1-847641FCC8A3}.Debug|x64.ActiveCfg = Debug|Any CPU
		{E7A4013E-CFC5-4E61-99F1-847641FCC8A3}.Debug|x64.Build.0 = Debug|Any CPU
		{E7A4013E-CFC5-4E61-99F1-847641FCC8A3}.Debug|x86.ActiveCfg = Debug|Any CPU
		{E7A4013E-CFC5-4E61-99F1-847641FCC8A3}.Debug|x86.Build.0 = Debug|Any CPU
		{E7A4013E-CFC5-4E61-99F1-847641FCC8A3}.Release|Any CPU.ActiveCfg = Release|Any CPU
		{E7A4013E-CFC5-4E61-99F1-847641FCC8A3}.Release|Any CPU.Build.0 = Release|Any CPU
		{E7A4013E-CFC5-4E61-99F1-847641FCC8A3}.Release|x64.ActiveCfg = Release|Any CPU
		{E7A4013E-CFC5-4E61-99F1-847641FCC8A3}.Release|x64.Build.0 = Release|Any CPU
		{E7A4013E-CFC5-4E61-99F1-847641FCC8A3}.Release|x86.ActiveCfg = Release|Any CPU
		{E7A4013E-CFC5-4E61-99F1-847641FCC8A3}.Release|x86.Build.0 = Release|Any CPU
		{8C9F8449-7451-4B85-9000-50D2F254A7C8}.Debug|Any CPU.ActiveCfg = Debug|Any CPU
		{8C9F8449-7451-4B85-9000-50D2F254A7C8}.Debug|Any CPU.Build.0 = Debug|Any CPU
		{8C9F8449-7451-4B85-9000-50D2F254A7C8}.Debug|x64.ActiveCfg = Debug|Any CPU
		{8C9F8449-7451-4B85-9000-50D2F254A7C8}.Debug|x64.Build.0 = Debug|Any CPU
		{8C9F8449-7451-4B85-9000-50D2F254A7C8}.Debug|x86.ActiveCfg = Debug|Any CPU
		{8C9F8449-7451-4B85-9000-50D2F254A7C8}.Debug|x86.Build.0 = Debug|Any CPU
		{8C9F8449-7451-4B85-9000-50D2F254A7C8}.Release|Any CPU.ActiveCfg = Release|Any CPU
		{8C9F8449-7451-4B85-9000-50D2F254A7C8}.Release|Any CPU.Build.0 = Release|Any CPU
		{8C9F8449-7451-4B85-9000-50D2F254A7C8}.Release|x64.ActiveCfg = Release|Any CPU
		{8C9F8449-7451-4B85-9000-50D2F254A7C8}.Release|x64.Build.0 = Release|Any CPU
		{8C9F8449-7451-4B85-9000-50D2F254A7C8}.Release|x86.ActiveCfg = Release|Any CPU
		{8C9F8449-7451-4B85-9000-50D2F254A7C8}.Release|x86.Build.0 = Release|Any CPU
		{B54FCF85-C43E-4521-A350-9A2684AC4E0D}.Debug|Any CPU.ActiveCfg = Debug|Any CPU
		{B54FCF85-C43E-4521-A350-9A2684AC4E0D}.Debug|Any CPU.Build.0 = Debug|Any CPU
		{B54FCF85-C43E-4521-A350-9A2684AC4E0D}.Debug|x64.ActiveCfg = Debug|Any CPU
		{B54FCF85-C43E-4521-A350-9A2684AC4E0D}.Debug|x64.Build.0 = Debug|Any CPU
		{B54FCF85-C43E-4521-A350-9A2684AC4E0D}.Debug|x86.ActiveCfg = Debug|Any CPU
		{B54FCF85-C43E-4521-A350-9A2684AC4E0D}.Debug|x86.Build.0 = Debug|Any CPU
		{B54FCF85-C43E-4521-A350-9A2684AC4E0D}.Release|Any CPU.ActiveCfg = Release|Any CPU
		{B54FCF85-C43E-4521-A350-9A2684AC4E0D}.Release|Any CPU.Build.0 = Release|Any CPU
		{B54FCF85-C43E-4521-A350-9A2684AC4E0D}.Release|x64.ActiveCfg = Release|Any CPU
		{B54FCF85-C43E-4521-A350-9A2684AC4E0D}.Release|x64.Build.0 = Release|Any CPU
		{B54FCF85-C43E-4521-A350-9A2684AC4E0D}.Release|x86.ActiveCfg = Release|Any CPU
		{B54FCF85-C43E-4521-A350-9A2684AC4E0D}.Release|x86.Build.0 = Release|Any CPU
		{CD18D067-267A-4186-AB60-21CBA93F5023}.Debug|Any CPU.ActiveCfg = Debug|Any CPU
		{CD18D067-267A-4186-AB60-21CBA93F5023}.Debug|Any CPU.Build.0 = Debug|Any CPU
		{CD18D067-267A-4186-AB60-21CBA93F5023}.Debug|x64.ActiveCfg = Debug|Any CPU
		{CD18D067-267A-4186-AB60-21CBA93F5023}.Debug|x64.Build.0 = Debug|Any CPU
		{CD18D067-267A-4186-AB60-21CBA93F5023}.Debug|x86.ActiveCfg = Debug|Any CPU
		{CD18D067-267A-4186-AB60-21CBA93F5023}.Debug|x86.Build.0 = Debug|Any CPU
		{CD18D067-267A-4186-AB60-21CBA93F5023}.Release|Any CPU.ActiveCfg = Release|Any CPU
		{CD18D067-267A-4186-AB60-21CBA93F5023}.Release|Any CPU.Build.0 = Release|Any CPU
		{CD18D067-267A-4186-AB60-21CBA93F5023}.Release|x64.ActiveCfg = Release|Any CPU
		{CD18D067-267A-4186-AB60-21CBA93F5023}.Release|x64.Build.0 = Release|Any CPU
		{CD18D067-267A-4186-AB60-21CBA93F5023}.Release|x86.ActiveCfg = Release|Any CPU
		{CD18D067-267A-4186-AB60-21CBA93F5023}.Release|x86.Build.0 = Release|Any CPU
		{709E47A6-1533-42F5-B50D-F73FC41E235F}.Debug|Any CPU.ActiveCfg = Debug|Any CPU
		{709E47A6-1533-42F5-B50D-F73FC41E235F}.Debug|Any CPU.Build.0 = Debug|Any CPU
		{709E47A6-1533-42F5-B50D-F73FC41E235F}.Debug|x64.ActiveCfg = Debug|Any CPU
		{709E47A6-1533-42F5-B50D-F73FC41E235F}.Debug|x64.Build.0 = Debug|Any CPU
		{709E47A6-1533-42F5-B50D-F73FC41E235F}.Debug|x86.ActiveCfg = Debug|Any CPU
		{709E47A6-1533-42F5-B50D-F73FC41E235F}.Debug|x86.Build.0 = Debug|Any CPU
		{709E47A6-1533-42F5-B50D-F73FC41E235F}.Release|Any CPU.ActiveCfg = Release|Any CPU
		{709E47A6-1533-42F5-B50D-F73FC41E235F}.Release|Any CPU.Build.0 = Release|Any CPU
		{709E47A6-1533-42F5-B50D-F73FC41E235F}.Release|x64.ActiveCfg = Release|Any CPU
		{709E47A6-1533-42F5-B50D-F73FC41E235F}.Release|x64.Build.0 = Release|Any CPU
		{709E47A6-1533-42F5-B50D-F73FC41E235F}.Release|x86.ActiveCfg = Release|Any CPU
		{709E47A6-1533-42F5-B50D-F73FC41E235F}.Release|x86.Build.0 = Release|Any CPU
	EndGlobalSection
	GlobalSection(NestedProjects) = preSolution
		{F01AEF99-3EE5-4822-9DAC-21E923EE5613} = {7A8AAE4A-531F-43BD-A4AB-C7DA12FC850B}
		{EBFE0EB1-DBC1-4C30-B33A-B58A1A9FCCB5} = {7A8AAE4A-531F-43BD-A4AB-C7DA12FC850B}
		{BC7C26B6-6AD6-41FC-9280-5C96420CF381} = {7A8AAE4A-531F-43BD-A4AB-C7DA12FC850B}
		{E7A4013E-CFC5-4E61-99F1-847641FCC8A3} = {7A8AAE4A-531F-43BD-A4AB-C7DA12FC850B}
		{8C9F8449-7451-4B85-9000-50D2F254A7C8} = {9673DC34-3844-4D77-A14F-5FA5A53939B3}
		{B54FCF85-C43E-4521-A350-9A2684AC4E0D} = {9673DC34-3844-4D77-A14F-5FA5A53939B3}
		{CD18D067-267A-4186-AB60-21CBA93F5023} = {9673DC34-3844-4D77-A14F-5FA5A53939B3}
		{709E47A6-1533-42F5-B50D-F73FC41E235F} = {9673DC34-3844-4D77-A14F-5FA5A53939B3}
	EndGlobalSection
EndGlobal
